// !$*UTF8*$!
{
	archiveVersion = 1;
	classes = {
	};
	objectVersion = 46;
	objects = {

/* Begin PBXBuildFile section */
		B12AB76B1CAA600C000C210B /* Bg.png in Resources */ = {isa = PBXBuildFile; fileRef = B12AB76A1CAA600C000C210B /* Bg.png */; };
		B12AB79B1CAA8569000C210B /* YTZImageRecognition.m in Sources */ = {isa = PBXBuildFile; fileRef = B12AB7931CAA8569000C210B /* YTZImageRecognition.m */; };
		B12AB79C1CAA8569000C210B /* YTZLocalMaximum.m in Sources */ = {isa = PBXBuildFile; fileRef = B12AB7951CAA8569000C210B /* YTZLocalMaximum.m */; };
		B12AB79D1CAA8569000C210B /* YTZMainColour.m in Sources */ = {isa = PBXBuildFile; fileRef = B12AB7981CAA8569000C210B /* YTZMainColour.m */; };
		B12AB7A41CAA85EB000C210B /* YTZEqualImageVC.m in Sources */ = {isa = PBXBuildFile; fileRef = B12AB79F1CAA85EB000C210B /* YTZEqualImageVC.m */; };
		B12AB7A51CAA85EB000C210B /* YTZGetColourVC.m in Sources */ = {isa = PBXBuildFile; fileRef = B12AB7A11CAA85EB000C210B /* YTZGetColourVC.m */; };
		B12AB7A61CAA85EB000C210B /* YTZMainColourVC.m in Sources */ = {isa = PBXBuildFile; fileRef = B12AB7A31CAA85EB000C210B /* YTZMainColourVC.m */; };
		B16FF1AD1CA90E1100FC839B /* 1.png in Resources */ = {isa = PBXBuildFile; fileRef = B16FF1A21CA90E1100FC839B /* 1.png */; };
		B16FF1AE1CA90E1100FC839B /* 2.png in Resources */ = {isa = PBXBuildFile; fileRef = B16FF1A31CA90E1100FC839B /* 2.png */; };
		B16FF1AF1CA90E1100FC839B /* 4.png in Resources */ = {isa = PBXBuildFile; fileRef = B16FF1A41CA90E1100FC839B /* 4.png */; };
		B16FF1B01CA90E1100FC839B /* 5.png in Resources */ = {isa = PBXBuildFile; fileRef = B16FF1A51CA90E1100FC839B /* 5.png */; };
		B16FF1B11CA90E1100FC839B /* 6.png in Resources */ = {isa = PBXBuildFile; fileRef = B16FF1A61CA90E1100FC839B /* 6.png */; };
		B16FF1B21CA90E1100FC839B /* 7.png in Resources */ = {isa = PBXBuildFile; fileRef = B16FF1A71CA90E1100FC839B /* 7.png */; };
		B16FF1B31CA90E1100FC839B /* 9.png in Resources */ = {isa = PBXBuildFile; fileRef = B16FF1A81CA90E1100FC839B /* 9.png */; };
		B16FF1B41CA90E1100FC839B /* 10.png in Resources */ = {isa = PBXBuildFile; fileRef = B16FF1A91CA90E1100FC839B /* 10.png */; };
		B16FF1B51CA90E1100FC839B /* 11.png in Resources */ = {isa = PBXBuildFile; fileRef = B16FF1AA1CA90E1100FC839B /* 11.png */; };
		B16FF1B61CA90E1100FC839B /* 3.png in Resources */ = {isa = PBXBuildFile; fileRef = B16FF1AB1CA90E1100FC839B /* 3.png */; };
		B16FF1B71CA90E1100FC839B /* 8.png in Resources */ = {isa = PBXBuildFile; fileRef = B16FF1AC1CA90E1100FC839B /* 8.png */; };
		B17734F11CA52B0600B5AD11 /* main.m in Sources */ = {isa = PBXBuildFile; fileRef = B17734F01CA52B0600B5AD11 /* main.m */; };
		B17734F41CA52B0600B5AD11 /* AppDelegate.m in Sources */ = {isa = PBXBuildFile; fileRef = B17734F31CA52B0600B5AD11 /* AppDelegate.m */; };
		B17734FA1CA52B0600B5AD11 /* Main.storyboard in Resources */ = {isa = PBXBuildFile; fileRef = B17734F81CA52B0600B5AD11 /* Main.storyboard */; };
		B17734FC1CA52B0600B5AD11 /* Assets.xcassets in Resources */ = {isa = PBXBuildFile; fileRef = B17734FB1CA52B0600B5AD11 /* Assets.xcassets */; };
		B17734FF1CA52B0600B5AD11 /* LaunchScreen.storyboard in Resources */ = {isa = PBXBuildFile; fileRef = B17734FD1CA52B0600B5AD11 /* LaunchScreen.storyboard */; };
		B17735241CA52DA100B5AD11 /* YTZRootViewController.m in Sources */ = {isa = PBXBuildFile; fileRef = B177351B1CA52DA100B5AD11 /* YTZRootViewController.m */; };
		B1BB2B551CAE5E02002EFAF4 /* UIImage+YTZEqualImage.m in Sources */ = {isa = PBXBuildFile; fileRef = B1BB2B541CAE5E02002EFAF4 /* UIImage+YTZEqualImage.m */; };
		B1BB2B581CAE6933002EFAF4 /* UIColor+YTZGetColour.m in Sources */ = {isa = PBXBuildFile; fileRef = B1BB2B571CAE6933002EFAF4 /* UIColor+YTZGetColour.m */; };
/* End PBXBuildFile section */

/* Begin PBXFileReference section */
		B12AB76A1CAA600C000C210B /* Bg.png */ = {isa = PBXFileReference; lastKnownFileType = image.png; path = Bg.png; sourceTree = "<group>"; };
		B12AB7921CAA8569000C210B /* YTZImageRecognition.h */ = {isa = PBXFileReference; fileEncoding = 4; lastKnownFileType = sourcecode.c.h; path = YTZImageRecognition.h; sourceTree = "<group>"; };
		B12AB7931CAA8569000C210B /* YTZImageRecognition.m */ = {isa = PBXFileReference; fileEncoding = 4; lastKnownFileType = sourcecode.c.objc; path = YTZImageRecognition.m; sourceTree = "<group>"; };
		B12AB7941CAA8569000C210B /* YTZLocalMaximum.h */ = {isa = PBXFileReference; fileEncoding = 4; lastKnownFileType = sourcecode.c.h; path = YTZLocalMaximum.h; sourceTree = "<group>"; };
		B12AB7951CAA8569000C210B /* YTZLocalMaximum.m */ = {isa = PBXFileReference; fileEncoding = 4; lastKnownFileType = sourcecode.c.objc; path = YTZLocalMaximum.m; sourceTree = "<group>"; };
		B12AB7961CAA8569000C210B /* YTZMacro.h */ = {isa = PBXFileReference; fileEncoding = 4; lastKnownFileType = sourcecode.c.h; path = YTZMacro.h; sourceTree = "<group>"; };
		B12AB7971CAA8569000C210B /* YTZMainColour.h */ = {isa = PBXFileReference; fileEncoding = 4; lastKnownFileType = sourcecode.c.h; path = YTZMainColour.h; sourceTree = "<group>"; };
		B12AB7981CAA8569000C210B /* YTZMainColour.m */ = {isa = PBXFileReference; fileEncoding = 4; lastKnownFileType = sourcecode.c.objc; path = YTZMainColour.m; sourceTree = "<group>"; };
		B12AB79E1CAA85EB000C210B /* YTZEqualImageVC.h */ = {isa = PBXFileReference; fileEncoding = 4; lastKnownFileType = sourcecode.c.h; path = YTZEqualImageVC.h; sourceTree = "<group>"; };
		B12AB79F1CAA85EB000C210B /* YTZEqualImageVC.m */ = {isa = PBXFileReference; fileEncoding = 4; lastKnownFileType = sourcecode.c.objc; path = YTZEqualImageVC.m; sourceTree = "<group>"; };
		B12AB7A01CAA85EB000C210B /* YTZGetColourVC.h */ = {isa = PBXFileReference; fileEncoding = 4; lastKnownFileType = sourcecode.c.h; path = YTZGetColourVC.h; sourceTree = "<group>"; };
		B12AB7A11CAA85EB000C210B /* YTZGetColourVC.m */ = {isa = PBXFileReference; fileEncoding = 4; lastKnownFileType = sourcecode.c.objc; path = YTZGetColourVC.m; sourceTree = "<group>"; };
		B12AB7A21CAA85EB000C210B /* YTZMainColourVC.h */ = {isa = PBXFileReference; fileEncoding = 4; lastKnownFileType = sourcecode.c.h; path = YTZMainColourVC.h; sourceTree = "<group>"; };
		B12AB7A31CAA85EB000C210B /* YTZMainColourVC.m */ = {isa = PBXFileReference; fileEncoding = 4; lastKnownFileType = sourcecode.c.objc; path = YTZMainColourVC.m; sourceTree = "<group>"; };
		B16FF1A21CA90E1100FC839B /* 1.png */ = {isa = PBXFileReference; lastKnownFileType = image.png; path = 1.png; sourceTree = "<group>"; };
		B16FF1A31CA90E1100FC839B /* 2.png */ = {isa = PBXFileReference; lastKnownFileType = image.png; path = 2.png; sourceTree = "<group>"; };
		B16FF1A41CA90E1100FC839B /* 4.png */ = {isa = PBXFileReference; lastKnownFileType = image.png; path = 4.png; sourceTree = "<group>"; };
		B16FF1A51CA90E1100FC839B /* 5.png */ = {isa = PBXFileReference; lastKnownFileType = image.png; path = 5.png; sourceTree = "<group>"; };
		B16FF1A61CA90E1100FC839B /* 6.png */ = {isa = PBXFileReference; lastKnownFileType = image.png; path = 6.png; sourceTree = "<group>"; };
		B16FF1A71CA90E1100FC839B /* 7.png */ = {isa = PBXFileReference; lastKnownFileType = image.png; path = 7.png; sourceTree = "<group>"; };
		B16FF1A81CA90E1100FC839B /* 9.png */ = {isa = PBXFileReference; lastKnownFileType = image.png; path = 9.png; sourceTree = "<group>"; };
		B16FF1A91CA90E1100FC839B /* 10.png */ = {isa = PBXFileReference; lastKnownFileType = image.png; path = 10.png; sourceTree = "<group>"; };
		B16FF1AA1CA90E1100FC839B /* 11.png */ = {isa = PBXFileReference; lastKnownFileType = image.png; path = 11.png; sourceTree = "<group>"; };
		B16FF1AB1CA90E1100FC839B /* 3.png */ = {isa = PBXFileReference; lastKnownFileType = image.png; path = 3.png; sourceTree = "<group>"; };
		B16FF1AC1CA90E1100FC839B /* 8.png */ = {isa = PBXFileReference; lastKnownFileType = image.png; path = 8.png; sourceTree = "<group>"; };
		B17734EC1CA52B0600B5AD11 /* YTZImageComparisonDemo.app */ = {isa = PBXFileReference; explicitFileType = wrapper.application; includeInIndex = 0; path = YTZImageComparisonDemo.app; sourceTree = BUILT_PRODUCTS_DIR; };
		B17734F01CA52B0600B5AD11 /* main.m */ = {isa = PBXFileReference; lastKnownFileType = sourcecode.c.objc; path = main.m; sourceTree = "<group>"; };
		B17734F21CA52B0600B5AD11 /* AppDelegate.h */ = {isa = PBXFileReference; lastKnownFileType = sourcecode.c.h; path = AppDelegate.h; sourceTree = "<group>"; };
		B17734F31CA52B0600B5AD11 /* AppDelegate.m */ = {isa = PBXFileReference; lastKnownFileType = sourcecode.c.objc; path = AppDelegate.m; sourceTree = "<group>"; };
		B17734F91CA52B0600B5AD11 /* Base */ = {isa = PBXFileReference; lastKnownFileType = file.storyboard; name = Base; path = Base.lproj/Main.storyboard; sourceTree = "<group>"; };
		B17734FB1CA52B0600B5AD11 /* Assets.xcassets */ = {isa = PBXFileReference; lastKnownFileType = folder.assetcatalog; path = Assets.xcassets; sourceTree = "<group>"; };
		B17734FE1CA52B0600B5AD11 /* Base */ = {isa = PBXFileReference; lastKnownFileType = file.storyboard; name = Base; path = Base.lproj/LaunchScreen.storyboard; sourceTree = "<group>"; };
		B17735001CA52B0600B5AD11 /* Info.plist */ = {isa = PBXFileReference; lastKnownFileType = text.plist.xml; path = Info.plist; sourceTree = "<group>"; };
		B177351A1CA52DA100B5AD11 /* YTZRootViewController.h */ = {isa = PBXFileReference; fileEncoding = 4; lastKnownFileType = sourcecode.c.h; path = YTZRootViewController.h; sourceTree = "<group>"; };
		B177351B1CA52DA100B5AD11 /* YTZRootViewController.m */ = {isa = PBXFileReference; fileEncoding = 4; lastKnownFileType = sourcecode.c.objc; path = YTZRootViewController.m; sourceTree = "<group>"; };
		B1BB2B521CAB67B7002EFAF4 /* YTZImageComparison.h */ = {isa = PBXFileReference; lastKnownFileType = sourcecode.c.h; path = YTZImageComparison.h; sourceTree = "<group>"; };
		B1BB2B531CAE5E02002EFAF4 /* UIImage+YTZEqualImage.h */ = {isa = PBXFileReference; fileEncoding = 4; lastKnownFileType = sourcecode.c.h; path = "UIImage+YTZEqualImage.h"; sourceTree = "<group>"; };
		B1BB2B541CAE5E02002EFAF4 /* UIImage+YTZEqualImage.m */ = {isa = PBXFileReference; fileEncoding = 4; lastKnownFileType = sourcecode.c.objc; path = "UIImage+YTZEqualImage.m"; sourceTree = "<group>"; };
		B1BB2B561CAE6933002EFAF4 /* UIColor+YTZGetColour.h */ = {isa = PBXFileReference; fileEncoding = 4; lastKnownFileType = sourcecode.c.h; path = "UIColor+YTZGetColour.h"; sourceTree = "<group>"; };
		B1BB2B571CAE6933002EFAF4 /* UIColor+YTZGetColour.m */ = {isa = PBXFileReference; fileEncoding = 4; lastKnownFileType = sourcecode.c.objc; path = "UIColor+YTZGetColour.m"; sourceTree = "<group>"; };
/* End PBXFileReference section */

/* Begin PBXFrameworksBuildPhase section */
		B17734E91CA52B0600B5AD11 /* Frameworks */ = {
			isa = PBXFrameworksBuildPhase;
			buildActionMask = 2147483647;
			files = (
			);
			runOnlyForDeploymentPostprocessing = 0;
		};
/* End PBXFrameworksBuildPhase section */

/* Begin PBXGroup section */
		B12AB78D1CAA8569000C210B /* YTZImageComparison */ = {
			isa = PBXGroup;
			children = (
				B1BB2B521CAB67B7002EFAF4 /* YTZImageComparison.h */,
				B12AB7961CAA8569000C210B /* YTZMacro.h */,
				B12AB7971CAA8569000C210B /* YTZMainColour.h */,
				B12AB7981CAA8569000C210B /* YTZMainColour.m */,
				B12AB7941CAA8569000C210B /* YTZLocalMaximum.h */,
				B12AB7951CAA8569000C210B /* YTZLocalMaximum.m */,
				B1BB2B561CAE6933002EFAF4 /* UIColor+YTZGetColour.h */,
				B1BB2B571CAE6933002EFAF4 /* UIColor+YTZGetColour.m */,
				B1BB2B531CAE5E02002EFAF4 /* UIImage+YTZEqualImage.h */,
				B1BB2B541CAE5E02002EFAF4 /* UIImage+YTZEqualImage.m */,
				B12AB7921CAA8569000C210B /* YTZImageRecognition.h */,
				B12AB7931CAA8569000C210B /* YTZImageRecognition.m */,
			);
			path = YTZImageComparison;
			sourceTree = "<group>";
		};
		B17734E31CA52B0600B5AD11 = {
			isa = PBXGroup;
			children = (
				B17734EE1CA52B0600B5AD11 /* YTZImageComparisonDemo */,
				B17734ED1CA52B0600B5AD11 /* Products */,
			);
			sourceTree = "<group>";
		};
		B17734ED1CA52B0600B5AD11 /* Products */ = {
			isa = PBXGroup;
			children = (
				B17734EC1CA52B0600B5AD11 /* YTZImageComparisonDemo.app */,
			);
			name = Products;
			sourceTree = "<group>";
		};
		B17734EE1CA52B0600B5AD11 /* YTZImageComparisonDemo */ = {
			isa = PBXGroup;
			children = (
				B12AB78D1CAA8569000C210B /* YTZImageComparison */,
				B17734F21CA52B0600B5AD11 /* AppDelegate.h */,
				B17734F31CA52B0600B5AD11 /* AppDelegate.m */,
				B177351A1CA52DA100B5AD11 /* YTZRootViewController.h */,
				B177351B1CA52DA100B5AD11 /* YTZRootViewController.m */,
				B12AB7A21CAA85EB000C210B /* YTZMainColourVC.h */,
				B12AB7A31CAA85EB000C210B /* YTZMainColourVC.m */,
				B12AB7A01CAA85EB000C210B /* YTZGetColourVC.h */,
				B12AB7A11CAA85EB000C210B /* YTZGetColourVC.m */,
				B12AB79E1CAA85EB000C210B /* YTZEqualImageVC.h */,
				B12AB79F1CAA85EB000C210B /* YTZEqualImageVC.m */,
				B177350D1CA52DA100B5AD11 /* Resources */,
				B17734F81CA52B0600B5AD11 /* Main.storyboard */,
				B17734FB1CA52B0600B5AD11 /* Assets.xcassets */,
				B17734FD1CA52B0600B5AD11 /* LaunchScreen.storyboard */,
				B17735001CA52B0600B5AD11 /* Info.plist */,
				B17734EF1CA52B0600B5AD11 /* Supporting Files */,
			);
			path = YTZImageComparisonDemo;
			sourceTree = "<group>";
		};
		B17734EF1CA52B0600B5AD11 /* Supporting Files */ = {
			isa = PBXGroup;
			children = (
				B17734F01CA52B0600B5AD11 /* main.m */,
			);
			name = "Supporting Files";
			sourceTree = "<group>";
		};
		B177350D1CA52DA100B5AD11 /* Resources */ = {
			isa = PBXGroup;
			children = (
				B12AB76A1CAA600C000C210B /* Bg.png */,
				B16FF1A21CA90E1100FC839B /* 1.png */,
				B16FF1A31CA90E1100FC839B /* 2.png */,
				B16FF1AB1CA90E1100FC839B /* 3.png */,
				B16FF1A41CA90E1100FC839B /* 4.png */,
				B16FF1A51CA90E1100FC839B /* 5.png */,
				B16FF1A61CA90E1100FC839B /* 6.png */,
				B16FF1A71CA90E1100FC839B /* 7.png */,
				B16FF1AC1CA90E1100FC839B /* 8.png */,
				B16FF1A81CA90E1100FC839B /* 9.png */,
				B16FF1A91CA90E1100FC839B /* 10.png */,
				B16FF1AA1CA90E1100FC839B /* 11.png */,
			);
			path = Resources;
			sourceTree = "<group>";
		};
/* End PBXGroup section */

/* Begin PBXNativeTarget section */
		B17734EB1CA52B0600B5AD11 /* YTZImageComparisonDemo */ = {
			isa = PBXNativeTarget;
			buildConfigurationList = B17735031CA52B0600B5AD11 /* Build configuration list for PBXNativeTarget "YTZImageComparisonDemo" */;
			buildPhases = (
				B17734E81CA52B0600B5AD11 /* Sources */,
				B17734E91CA52B0600B5AD11 /* Frameworks */,
				B17734EA1CA52B0600B5AD11 /* Resources */,
			);
			buildRules = (
			);
			dependencies = (
			);
			name = YTZImageComparisonDemo;
			productName = YTZImageComparisonDemo;
			productReference = B17734EC1CA52B0600B5AD11 /* YTZImageComparisonDemo.app */;
			productType = "com.apple.product-type.application";
		};
/* End PBXNativeTarget section */

/* Begin PBXProject section */
		B17734E41CA52B0600B5AD11 /* Project object */ = {
			isa = PBXProject;
			attributes = {
				LastUpgradeCheck = 0730;
				ORGANIZATIONNAME = "Job-Yang";
				TargetAttributes = {
					B17734EB1CA52B0600B5AD11 = {
						CreatedOnToolsVersion = 7.3;
					};
				};
			};
			buildConfigurationList = B17734E71CA52B0600B5AD11 /* Build configuration list for PBXProject "YTZImageComparisonDemo" */;
			compatibilityVersion = "Xcode 3.2";
			developmentRegion = English;
			hasScannedForEncodings = 0;
			knownRegions = (
				en,
				Base,
			);
			mainGroup = B17734E31CA52B0600B5AD11;
			productRefGroup = B17734ED1CA52B0600B5AD11 /* Products */;
			projectDirPath = "";
			projectRoot = "";
			targets = (
				B17734EB1CA52B0600B5AD11 /* YTZImageComparisonDemo */,
			);
		};
/* End PBXProject section */

/* Begin PBXResourcesBuildPhase section */
		B17734EA1CA52B0600B5AD11 /* Resources */ = {
			isa = PBXResourcesBuildPhase;
			buildActionMask = 2147483647;
			files = (
				B12AB76B1CAA600C000C210B /* Bg.png in Resources */,
				B16FF1B21CA90E1100FC839B /* 7.png in Resources */,
				B16FF1AF1CA90E1100FC839B /* 4.png in Resources */,
				B17734FF1CA52B0600B5AD11 /* LaunchScreen.storyboard in Resources */,
				B16FF1B41CA90E1100FC839B /* 10.png in Resources */,
				B16FF1B31CA90E1100FC839B /* 9.png in Resources */,
				B16FF1AD1CA90E1100FC839B /* 1.png in Resources */,
				B16FF1B71CA90E1100FC839B /* 8.png in Resources */,
				B16FF1AE1CA90E1100FC839B /* 2.png in Resources */,
				B16FF1B51CA90E1100FC839B /* 11.png in Resources */,
				B16FF1B61CA90E1100FC839B /* 3.png in Resources */,
				B16FF1B01CA90E1100FC839B /* 5.png in Resources */,
				B17734FC1CA52B0600B5AD11 /* Assets.xcassets in Resources */,
				B16FF1B11CA90E1100FC839B /* 6.png in Resources */,
				B17734FA1CA52B0600B5AD11 /* Main.storyboard in Resources */,
			);
			runOnlyForDeploymentPostprocessing = 0;
		};
/* End PBXResourcesBuildPhase section */

/* Begin PBXSourcesBuildPhase section */
		B17734E81CA52B0600B5AD11 /* Sources */ = {
			isa = PBXSourcesBuildPhase;
			buildActionMask = 2147483647;
			files = (
				B12AB79C1CAA8569000C210B /* YTZLocalMaximum.m in Sources */,
				B12AB79D1CAA8569000C210B /* YTZMainColour.m in Sources */,
				B12AB7A51CAA85EB000C210B /* YTZGetColourVC.m in Sources */,
				B1BB2B551CAE5E02002EFAF4 /* UIImage+YTZEqualImage.m in Sources */,
				B17734F41CA52B0600B5AD11 /* AppDelegate.m in Sources */,
				B12AB79B1CAA8569000C210B /* YTZImageRecognition.m in Sources */,
				B12AB7A41CAA85EB000C210B /* YTZEqualImageVC.m in Sources */,
				B17734F11CA52B0600B5AD11 /* main.m in Sources */,
				B17735241CA52DA100B5AD11 /* YTZRootViewController.m in Sources */,
				B1BB2B581CAE6933002EFAF4 /* UIColor+YTZGetColour.m in Sources */,
				B12AB7A61CAA85EB000C210B /* YTZMainColourVC.m in Sources */,
			);
			runOnlyForDeploymentPostprocessing = 0;
		};
/* End PBXSourcesBuildPhase section */

/* Begin PBXVariantGroup section */
		B17734F81CA52B0600B5AD11 /* Main.storyboard */ = {
			isa = PBXVariantGroup;
			children = (
				B17734F91CA52B0600B5AD11 /* Base */,
			);
			name = Main.storyboard;
			sourceTree = "<group>";
		};
		B17734FD1CA52B0600B5AD11 /* LaunchScreen.storyboard */ = {
			isa = PBXVariantGroup;
			children = (
				B17734FE1CA52B0600B5AD11 /* Base */,
			);
			name = LaunchScreen.storyboard;
			sourceTree = "<group>";
		};
/* End PBXVariantGroup section */

/* Begin XCBuildConfiguration section */
		B17735011CA52B0600B5AD11 /* Debug */ = {
			isa = XCBuildConfiguration;
			buildSettings = {
				ALWAYS_SEARCH_USER_PATHS = NO;
				CLANG_ANALYZER_NONNULL = YES;
				CLANG_CXX_LANGUAGE_STANDARD = "gnu++0x";
				CLANG_CXX_LIBRARY = "libc++";
				CLANG_ENABLE_MODULES = YES;
				CLANG_ENABLE_OBJC_ARC = YES;
				CLANG_WARN_BOOL_CONVERSION = YES;
				CLANG_WARN_CONSTANT_CONVERSION = YES;
				CLANG_WARN_DIRECT_OBJC_ISA_USAGE = YES_ERROR;
				CLANG_WARN_EMPTY_BODY = YES;
				CLANG_WARN_ENUM_CONVERSION = YES;
				CLANG_WARN_INT_CONVERSION = YES;
				CLANG_WARN_OBJC_ROOT_CLASS = YES_ERROR;
				CLANG_WARN_UNREACHABLE_CODE = YES;
				CLANG_WARN__DUPLICATE_METHOD_MATCH = YES;
				"CODE_SIGN_IDENTITY[sdk=iphoneos*]" = "iPhone Developer";
				COPY_PHASE_STRIP = NO;
				DEBUG_INFORMATION_FORMAT = dwarf;
				ENABLE_STRICT_OBJC_MSGSEND = YES;
				ENABLE_TESTABILITY = YES;
				GCC_C_LANGUAGE_STANDARD = gnu99;
				GCC_DYNAMIC_NO_PIC = NO;
				GCC_NO_COMMON_BLOCKS = YES;
				GCC_OPTIMIZATION_LEVEL = 0;
				GCC_PREPROCESSOR_DEFINITIONS = (
					"DEBUG=1",
					"$(inherited)",
				);
				GCC_WARN_64_TO_32_BIT_CONVERSION = YES;
				GCC_WARN_ABOUT_RETURN_TYPE = YES_ERROR;
				GCC_WARN_UNDECLARED_SELECTOR = YES;
				GCC_WARN_UNINITIALIZED_AUTOS = YES_AGGRESSIVE;
				GCC_WARN_UNUSED_FUNCTION = YES;
				GCC_WARN_UNUSED_VARIABLE = YES;
				IPHONEOS_DEPLOYMENT_TARGET = 8.0;
				MTL_ENABLE_DEBUG_INFO = YES;
				ONLY_ACTIVE_ARCH = YES;
				SDKROOT = iphoneos;
			};
			name = Debug;
		};
		B17735021CA52B0600B5AD11 /* Release */ = {
			isa = XCBuildConfiguration;
			buildSettings = {
				ALWAYS_SEARCH_USER_PATHS = NO;
				CLANG_ANALYZER_NONNULL = YES;
				CLANG_CXX_LANGUAGE_STANDARD = "gnu++0x";
				CLANG_CXX_LIBRARY = "libc++";
				CLANG_ENABLE_MODULES = YES;
				CLANG_ENABLE_OBJC_ARC = YES;
				CLANG_WARN_BOOL_CONVERSION = YES;
				CLANG_WARN_CONSTANT_CONVERSION = YES;
				CLANG_WARN_DIRECT_OBJC_ISA_USAGE = YES_ERROR;
				CLANG_WARN_EMPTY_BODY = YES;
				CLANG_WARN_ENUM_CONVERSION = YES;
				CLANG_WARN_INT_CONVERSION = YES;
				CLANG_WARN_OBJC_ROOT_CLASS = YES_ERROR;
				CLANG_WARN_UNREACHABLE_CODE = YES;
				CLANG_WARN__DUPLICATE_METHOD_MATCH = YES;
				"CODE_SIGN_IDENTITY[sdk=iphoneos*]" = "iPhone Developer";
				COPY_PHASE_STRIP = NO;
				DEBUG_INFORMATION_FORMAT = "dwarf-with-dsym";
				ENABLE_NS_ASSERTIONS = NO;
				ENABLE_STRICT_OBJC_MSGSEND = YES;
				GCC_C_LANGUAGE_STANDARD = gnu99;
				GCC_NO_COMMON_BLOCKS = YES;
				GCC_WARN_64_TO_32_BIT_CONVERSION = YES;
				GCC_WARN_ABOUT_RETURN_TYPE = YES_ERROR;
				GCC_WARN_UNDECLARED_SELECTOR = YES;
				GCC_WARN_UNINITIALIZED_AUTOS = YES_AGGRESSIVE;
				GCC_WARN_UNUSED_FUNCTION = YES;
				GCC_WARN_UNUSED_VARIABLE = YES;
				IPHONEOS_DEPLOYMENT_TARGET = 8.0;
				MTL_ENABLE_DEBUG_INFO = NO;
				SDKROOT = iphoneos;
				VALIDATE_PRODUCT = YES;
			};
			name = Release;
		};
		B17735041CA52B0600B5AD11 /* Debug */ = {
			isa = XCBuildConfiguration;
			buildSettings = {
				INFOPLIST_FILE = YTZImageComparisonDemo/Info.plist;
				LD_RUNPATH_SEARCH_PATHS = "$(inherited) @executable_path/Frameworks";
				PRODUCT_BUNDLE_IDENTIFIER = "com.Job-Yang.YTZImageComparisonDemo";
				PRODUCT_NAME = "$(TARGET_NAME)";
			};
			name = Debug;
		};
		B17735051CA52B0600B5AD11 /* Release */ = {
			isa = XCBuildConfiguration;
			buildSettings = {
				INFOPLIST_FILE = YTZImageComparisonDemo/Info.plist;
				LD_RUNPATH_SEARCH_PATHS = "$(inherited) @executable_path/Frameworks";
				PRODUCT_BUNDLE_IDENTIFIER = "com.Job-Yang.YTZImageComparisonDemo";
				PRODUCT_NAME = "$(TARGET_NAME)";
			};
			name = Release;
		};
/* End XCBuildConfiguration section */

/* Begin XCConfigurationList section */
		B17734E71CA52B0600B5AD11 /* Build configuration list for PBXProject "YTZImageComparisonDemo" */ = {
			isa = XCConfigurationList;
			buildConfigurations = (
				B17735011CA52B0600B5AD11 /* Debug */,
				B17735021CA52B0600B5AD11 /* Release */,
			);
			defaultConfigurationIsVisible = 0;
			defaultConfigurationName = Release;
		};
		B17735031CA52B0600B5AD11 /* Build configuration list for PBXNativeTarget "YTZImageComparisonDemo" */ = {
			isa = XCConfigurationList;
			buildConfigurations = (
				B17735041CA52B0600B5AD11 /* Debug */,
				B17735051CA52B0600B5AD11 /* Release */,
			);
			defaultConfigurationIsVisible = 0;
			defaultConfigurationName = Release;
		};
/* End XCConfigurationList section */
	};
	rootObject = B17734E41CA52B0600B5AD11 /* Project object */;
}
